
Microsoft Visual Studio Solution File, Format Version 12.00
# Visual Studio Version 17
VisualStudioVersion = 17.9.34723.18
MinimumVisualStudioVersion = 10.0.40219.1
Project("{9A19103F-16F7-4668-BE54-9A1E7A4F7556}") = "1", "1\1.csproj", "{2D61D850-CEB1-4BF5-A049-2C440622A63C}"
EndProject
Project("{9A19103F-16F7-4668-BE54-9A1E7A4F7556}") = "2", "2\2.csproj", "{FC02658C-656E-44C1-BA15-1C586671F367}"
EndProject
Project("{9A19103F-16F7-4668-BE54-9A1E7A4F7556}") = "3", "3\3.csproj", "{EFD3A7F7-C984-43D1-9082-4CC58A21FBE6}"
EndProject
Global
	GlobalSection(SolutionConfigurationPlatforms) = preSolution
		Debug|Any CPU = Debug|Any CPU
		Release|Any CPU = Release|Any CPU
	EndGlobalSection
	GlobalSection(ProjectConfigurationPlatforms) = postSolution
		{2D61D850-CEB1-4BF5-A049-2C440622A63C}.Debug|Any CPU.ActiveCfg = Debug|Any CPU
		{2D61D850-CEB1-4BF5-A049-2C440622A63C}.Debug|Any CPU.Build.0 = Debug|Any CPU
		{2D61D850-CEB1-4BF5-A049-2C440622A63C}.Release|Any CPU.ActiveCfg = Release|Any CPU
		{2D61D850-CEB1-4BF5-A049-2C440622A63C}.Release|Any CPU.Build.0 = Release|Any CPU
		{FC02658C-656E-44C1-BA15-1C586671F367}.Debug|Any CPU.ActiveCfg = Debug|Any CPU
		{FC02658C-656E-44C1-BA15-1C586671F367}.Debug|Any CPU.Build.0 = Debug|Any CPU
		{FC02658C-656E-44C1-BA15-1C586671F367}.Release|Any CPU.ActiveCfg = Release|Any CPU
		{FC02658C-656E-44C1-BA15-1C586671F367}.Release|Any CPU.Build.0 = Release|Any CPU
		{EFD3A7F7-C984-43D1-9082-4CC58A21FBE6}.Debug|Any CPU.ActiveCfg = Debug|Any CPU
		{EFD3A7F7-C984-43D1-9082-4CC58A21FBE6}.Debug|Any CPU.Build.0 = Debug|Any CPU
		{EFD3A7F7-C984-43D1-9082-4CC58A21FBE6}.Release|Any CPU.ActiveCfg = Release|Any CPU
		{EFD3A7F7-C984-43D1-9082-4CC58A21FBE6}.Release|Any CPU.Build.0 = Release|Any CPU
	EndGlobalSection
	GlobalSection(SolutionProperties) = preSolution
		HideSolutionNode = FALSE
	EndGlobalSection
	GlobalSection(ExtensibilityGlobals) = postSolution
		SolutionGuid = {A8883FBE-E524-4416-93C3-BD539BDB5888}
	EndGlobalSection
EndGlobal
